
Microsoft Visual Studio Solution File, Format Version 12.00
# Visual Studio Version 17
VisualStudioVersion = 17.6.33829.357
MinimumVisualStudioVersion = 10.0.40219.1
Project("{2150E333-8FDC-42A3-9474-1A3956D46DE8}") = "3 - Infra", "3 - Infra", "{06B162EF-1A99-48BE-B62A-BF695527858C}"
EndProject
Project("{2150E333-8FDC-42A3-9474-1A3956D46DE8}") = "1 - Apresentacao", "1 - Apresentacao", "{5BC2B86E-A6EE-403C-95AD-96F58470F1BA}"
EndProject
Project("{2150E333-8FDC-42A3-9474-1A3956D46DE8}") = "2 - Aplicacao", "2 - Aplicacao", "{0C8F5A90-7A80-4C24-BC32-DFD325C2C188}"
EndProject
Project("{9A19103F-16F7-4668-BE54-9A1E7A4F7556}") = "WindowsForms", "1 - Apresentacao\WindowsForms\WindowsForms.csproj", "{885BE9C0-E8E9-4341-980B-7176533FFA1C}"
EndProject
Project("{9A19103F-16F7-4668-BE54-9A1E7A4F7556}") = "Negocio", "2 - Aplicacao\Negocio.csproj", "{088F8AC9-3912-4E3F-A497-DF01EEAD5DCB}"
EndProject
Project("{9A19103F-16F7-4668-BE54-9A1E7A4F7556}") = "Database", "3 - Infra\Database.csproj", "{E5462F49-555C-45F9-8AD6-C05A04DEDD26}"
EndProject
Global
	GlobalSection(SolutionConfigurationPlatforms) = preSolution
		Debug|Any CPU = Debug|Any CPU
		Release|Any CPU = Release|Any CPU
	EndGlobalSection
	GlobalSection(ProjectConfigurationPlatforms) = postSolution
		{885BE9C0-E8E9-4341-980B-7176533FFA1C}.Debug|Any CPU.ActiveCfg = Debug|Any CPU
		{885BE9C0-E8E9-4341-980B-7176533FFA1C}.Debug|Any CPU.Build.0 = Debug|Any CPU
		{885BE9C0-E8E9-4341-980B-7176533FFA1C}.Release|Any CPU.ActiveCfg = Release|Any CPU
		{885BE9C0-E8E9-4341-980B-7176533FFA1C}.Release|Any CPU.Build.0 = Release|Any CPU
		{088F8AC9-3912-4E3F-A497-DF01EEAD5DCB}.Debug|Any CPU.ActiveCfg = Debug|Any CPU
		{088F8AC9-3912-4E3F-A497-DF01EEAD5DCB}.Debug|Any CPU.Build.0 = Debug|Any CPU
		{088F8AC9-3912-4E3F-A497-DF01EEAD5DCB}.Release|Any CPU.ActiveCfg = Release|Any CPU
		{088F8AC9-3912-4E3F-A497-DF01EEAD5DCB}.Release|Any CPU.Build.0 = Release|Any CPU
		{E5462F49-555C-45F9-8AD6-C05A04DEDD26}.Debug|Any CPU.ActiveCfg = Debug|Any CPU
		{E5462F49-555C-45F9-8AD6-C05A04DEDD26}.Debug|Any CPU.Build.0 = Debug|Any CPU
		{E5462F49-555C-45F9-8AD6-C05A04DEDD26}.Release|Any CPU.ActiveCfg = Release|Any CPU
		{E5462F49-555C-45F9-8AD6-C05A04DEDD26}.Release|Any CPU.Build.0 = Release|Any CPU
	EndGlobalSection
	GlobalSection(SolutionProperties) = preSolution
		HideSolutionNode = FALSE
	EndGlobalSection
	GlobalSection(NestedProjects) = preSolution
		{885BE9C0-E8E9-4341-980B-7176533FFA1C} = {5BC2B86E-A6EE-403C-95AD-96F58470F1BA}
		{088F8AC9-3912-4E3F-A497-DF01EEAD5DCB} = {0C8F5A90-7A80-4C24-BC32-DFD325C2C188}
		{E5462F49-555C-45F9-8AD6-C05A04DEDD26} = {06B162EF-1A99-48BE-B62A-BF695527858C}
	EndGlobalSection
	GlobalSection(ExtensibilityGlobals) = postSolution
		SolutionGuid = {AEAE6537-4B19-41C9-913C-68F03C67F9FA}
	EndGlobalSection
EndGlobal
