
Microsoft Visual Studio Solution File, Format Version 12.00
# Visual Studio Version 17
VisualStudioVersion = 17.6.33829.357
MinimumVisualStudioVersion = 10.0.40219.1
Project("{2150E333-8FDC-42A3-9474-1A3956D46DE8}") = "3 - Infra", "3 - Infra", "{06B162EF-1A99-48BE-B62A-BF695527858C}"
EndProject
Project("{2150E333-8FDC-42A3-9474-1A3956D46DE8}") = "1 - Apresentacao", "1 - Apresentacao", "{5BC2B86E-A6EE-403C-95AD-96F58470F1BA}"
EndProject
Project("{2150E333-8FDC-42A3-9474-1A3956D46DE8}") = "2 - Aplicacao", "2 - Aplicacao", "{0C8F5A90-7A80-4C24-BC32-DFD325C2C188}"
EndProject
Project("{9A19103F-16F7-4668-BE54-9A1E7A4F7556}") = "WindowsForms", "Apresentacao\WindowsForms\WindowsForms.csproj", "{9AEE1B77-3CA5-44D7-858A-3AA18C2B60D2}"
EndProject
Project("{9A19103F-16F7-4668-BE54-9A1E7A4F7556}") = "Negocio", "Aplicacao\Negocio\Negocio.csproj", "{0F6E03B6-B939-431A-9AE3-A601FEDCBD0C}"
EndProject
Project("{9A19103F-16F7-4668-BE54-9A1E7A4F7556}") = "Database", "Infra\Database\Database.csproj", "{C8738E3B-836B-43CC-B906-2D35619EE2A1}"
EndProject
Global
	GlobalSection(SolutionConfigurationPlatforms) = preSolution
		Debug|Any CPU = Debug|Any CPU
		Release|Any CPU = Release|Any CPU
	EndGlobalSection
	GlobalSection(ProjectConfigurationPlatforms) = postSolution
		{9AEE1B77-3CA5-44D7-858A-3AA18C2B60D2}.Debug|Any CPU.ActiveCfg = Debug|Any CPU
		{9AEE1B77-3CA5-44D7-858A-3AA18C2B60D2}.Debug|Any CPU.Build.0 = Debug|Any CPU
		{9AEE1B77-3CA5-44D7-858A-3AA18C2B60D2}.Release|Any CPU.ActiveCfg = Release|Any CPU
		{9AEE1B77-3CA5-44D7-858A-3AA18C2B60D2}.Release|Any CPU.Build.0 = Release|Any CPU
		{0F6E03B6-B939-431A-9AE3-A601FEDCBD0C}.Debug|Any CPU.ActiveCfg = Debug|Any CPU
		{0F6E03B6-B939-431A-9AE3-A601FEDCBD0C}.Debug|Any CPU.Build.0 = Debug|Any CPU
		{0F6E03B6-B939-431A-9AE3-A601FEDCBD0C}.Release|Any CPU.ActiveCfg = Release|Any CPU
		{0F6E03B6-B939-431A-9AE3-A601FEDCBD0C}.Release|Any CPU.Build.0 = Release|Any CPU
		{C8738E3B-836B-43CC-B906-2D35619EE2A1}.Debug|Any CPU.ActiveCfg = Debug|Any CPU
		{C8738E3B-836B-43CC-B906-2D35619EE2A1}.Debug|Any CPU.Build.0 = Debug|Any CPU
		{C8738E3B-836B-43CC-B906-2D35619EE2A1}.Release|Any CPU.ActiveCfg = Release|Any CPU
		{C8738E3B-836B-43CC-B906-2D35619EE2A1}.Release|Any CPU.Build.0 = Release|Any CPU
	EndGlobalSection
	GlobalSection(SolutionProperties) = preSolution
		HideSolutionNode = FALSE
	EndGlobalSection
	GlobalSection(NestedProjects) = preSolution
		{9AEE1B77-3CA5-44D7-858A-3AA18C2B60D2} = {5BC2B86E-A6EE-403C-95AD-96F58470F1BA}
		{0F6E03B6-B939-431A-9AE3-A601FEDCBD0C} = {0C8F5A90-7A80-4C24-BC32-DFD325C2C188}
		{C8738E3B-836B-43CC-B906-2D35619EE2A1} = {06B162EF-1A99-48BE-B62A-BF695527858C}
	EndGlobalSection
	GlobalSection(ExtensibilityGlobals) = postSolution
		SolutionGuid = {AEAE6537-4B19-41C9-913C-68F03C67F9FA}
	EndGlobalSection
EndGlobal
